
Microsoft Visual Studio Solution File, Format Version 12.00
# Visual Studio Version 17
VisualStudioVersion = 17.9.34728.123
MinimumVisualStudioVersion = 10.0.40219.1
Project("{FAE04EC0-301F-11D3-BF4B-00C04F79EFBC}") = "Task1", "Task1\Task1.csproj", "{CD355B1D-76BB-4CF6-901C-D81C9BAA8D6C}"
EndProject
Project("{FAE04EC0-301F-11D3-BF4B-00C04F79EFBC}") = "Task2", "Task2\Task2.csproj", "{B1AEC74A-D094-4558-8F54-CF22B1A96E58}"
EndProject
Project("{FAE04EC0-301F-11D3-BF4B-00C04F79EFBC}") = "Task3", "Task3\Task3.csproj", "{EE9DAF7B-970E-41BC-A46F-198CCA5045EB}"
EndProject
Project("{FAE04EC0-301F-11D3-BF4B-00C04F79EFBC}") = "Task4", "Task4\Task4.csproj", "{781ECD08-DC4A-421C-9956-056D94C93A1D}"
EndProject
Project("{FAE04EC0-301F-11D3-BF4B-00C04F79EFBC}") = "Task5", "Task5\Task5.csproj", "{25F763AE-B22D-4631-B45B-DE58F41A7CD7}"
EndProject
Project("{FAE04EC0-301F-11D3-BF4B-00C04F79EFBC}") = "Task6", "Task6\Task6.csproj", "{B3B69BF1-D404-4F75-B143-5271C380075B}"
EndProject
Project("{FAE04EC0-301F-11D3-BF4B-00C04F79EFBC}") = "Task7", "Task7\Task7.csproj", "{F9F49CAC-0A5D-4AB6-B0E2-7E56842F8514}"
EndProject
Project("{FAE04EC0-301F-11D3-BF4B-00C04F79EFBC}") = "Task8", "Task8\Task8.csproj", "{D83BB96F-8E41-447D-8B6E-113C0C82A82F}"
EndProject
Project("{FAE04EC0-301F-11D3-BF4B-00C04F79EFBC}") = "Task9", "Task9\Task9.csproj", "{C14E7B00-708B-44D8-AE64-93BE6F632A57}"
EndProject
Project("{FAE04EC0-301F-11D3-BF4B-00C04F79EFBC}") = "Task10", "Task10\Task10.csproj", "{FD0D608E-A8FC-4B24-B2E9-24E744B33446}"
EndProject
Project("{FAE04EC0-301F-11D3-BF4B-00C04F79EFBC}") = "Task11", "Task11\Task11.csproj", "{424527AD-0D03-4714-BC0E-121703005C63}"
EndProject
Project("{FAE04EC0-301F-11D3-BF4B-00C04F79EFBC}") = "Task12", "Task12\Task12.csproj", "{259CC74A-CB93-4157-9DD7-22171637BB63}"
EndProject
Project("{FAE04EC0-301F-11D3-BF4B-00C04F79EFBC}") = "Task13", "Task13\Task13.csproj", "{798A2419-DBAE-4E6D-8882-F2B41BA9B390}"
EndProject
Global
	GlobalSection(SolutionConfigurationPlatforms) = preSolution
		Debug|Any CPU = Debug|Any CPU
		Release|Any CPU = Release|Any CPU
	EndGlobalSection
	GlobalSection(ProjectConfigurationPlatforms) = postSolution
		{CD355B1D-76BB-4CF6-901C-D81C9BAA8D6C}.Debug|Any CPU.ActiveCfg = Debug|Any CPU
		{CD355B1D-76BB-4CF6-901C-D81C9BAA8D6C}.Debug|Any CPU.Build.0 = Debug|Any CPU
		{CD355B1D-76BB-4CF6-901C-D81C9BAA8D6C}.Release|Any CPU.ActiveCfg = Release|Any CPU
		{CD355B1D-76BB-4CF6-901C-D81C9BAA8D6C}.Release|Any CPU.Build.0 = Release|Any CPU
		{B1AEC74A-D094-4558-8F54-CF22B1A96E58}.Debug|Any CPU.ActiveCfg = Debug|Any CPU
		{B1AEC74A-D094-4558-8F54-CF22B1A96E58}.Debug|Any CPU.Build.0 = Debug|Any CPU
		{B1AEC74A-D094-4558-8F54-CF22B1A96E58}.Release|Any CPU.ActiveCfg = Release|Any CPU
		{B1AEC74A-D094-4558-8F54-CF22B1A96E58}.Release|Any CPU.Build.0 = Release|Any CPU
		{EE9DAF7B-970E-41BC-A46F-198CCA5045EB}.Debug|Any CPU.ActiveCfg = Debug|Any CPU
		{EE9DAF7B-970E-41BC-A46F-198CCA5045EB}.Debug|Any CPU.Build.0 = Debug|Any CPU
		{EE9DAF7B-970E-41BC-A46F-198CCA5045EB}.Release|Any CPU.ActiveCfg = Release|Any CPU
		{EE9DAF7B-970E-41BC-A46F-198CCA5045EB}.Release|Any CPU.Build.0 = Release|Any CPU
		{781ECD08-DC4A-421C-9956-056D94C93A1D}.Debug|Any CPU.ActiveCfg = Debug|Any CPU
		{781ECD08-DC4A-421C-9956-056D94C93A1D}.Debug|Any CPU.Build.0 = Debug|Any CPU
		{781ECD08-DC4A-421C-9956-056D94C93A1D}.Release|Any CPU.ActiveCfg = Release|Any CPU
		{781ECD08-DC4A-421C-9956-056D94C93A1D}.Release|Any CPU.Build.0 = Release|Any CPU
		{25F763AE-B22D-4631-B45B-DE58F41A7CD7}.Debug|Any CPU.ActiveCfg = Debug|Any CPU
		{25F763AE-B22D-4631-B45B-DE58F41A7CD7}.Debug|Any CPU.Build.0 = Debug|Any CPU
		{25F763AE-B22D-4631-B45B-DE58F41A7CD7}.Release|Any CPU.ActiveCfg = Release|Any CPU
		{25F763AE-B22D-4631-B45B-DE58F41A7CD7}.Release|Any CPU.Build.0 = Release|Any CPU
		{B3B69BF1-D404-4F75-B143-5271C380075B}.Debug|Any CPU.ActiveCfg = Debug|Any CPU
		{B3B69BF1-D404-4F75-B143-5271C380075B}.Debug|Any CPU.Build.0 = Debug|Any CPU
		{B3B69BF1-D404-4F75-B143-5271C380075B}.Release|Any CPU.ActiveCfg = Release|Any CPU
		{B3B69BF1-D404-4F75-B143-5271C380075B}.Release|Any CPU.Build.0 = Release|Any CPU
		{F9F49CAC-0A5D-4AB6-B0E2-7E56842F8514}.Debug|Any CPU.ActiveCfg = Debug|Any CPU
		{F9F49CAC-0A5D-4AB6-B0E2-7E56842F8514}.Debug|Any CPU.Build.0 = Debug|Any CPU
		{F9F49CAC-0A5D-4AB6-B0E2-7E56842F8514}.Release|Any CPU.ActiveCfg = Release|Any CPU
		{F9F49CAC-0A5D-4AB6-B0E2-7E56842F8514}.Release|Any CPU.Build.0 = Release|Any CPU
		{D83BB96F-8E41-447D-8B6E-113C0C82A82F}.Debug|Any CPU.ActiveCfg = Debug|Any CPU
		{D83BB96F-8E41-447D-8B6E-113C0C82A82F}.Debug|Any CPU.Build.0 = Debug|Any CPU
		{D83BB96F-8E41-447D-8B6E-113C0C82A82F}.Release|Any CPU.ActiveCfg = Release|Any CPU
		{D83BB96F-8E41-447D-8B6E-113C0C82A82F}.Release|Any CPU.Build.0 = Release|Any CPU
		{C14E7B00-708B-44D8-AE64-93BE6F632A57}.Debug|Any CPU.ActiveCfg = Debug|Any CPU
		{C14E7B00-708B-44D8-AE64-93BE6F632A57}.Debug|Any CPU.Build.0 = Debug|Any CPU
		{C14E7B00-708B-44D8-AE64-93BE6F632A57}.Release|Any CPU.ActiveCfg = Release|Any CPU
		{C14E7B00-708B-44D8-AE64-93BE6F632A57}.Release|Any CPU.Build.0 = Release|Any CPU
		{FD0D608E-A8FC-4B24-B2E9-24E744B33446}.Debug|Any CPU.ActiveCfg = Debug|Any CPU
		{FD0D608E-A8FC-4B24-B2E9-24E744B33446}.Debug|Any CPU.Build.0 = Debug|Any CPU
		{FD0D608E-A8FC-4B24-B2E9-24E744B33446}.Release|Any CPU.ActiveCfg = Release|Any CPU
		{FD0D608E-A8FC-4B24-B2E9-24E744B33446}.Release|Any CPU.Build.0 = Release|Any CPU
		{424527AD-0D03-4714-BC0E-121703005C63}.Debug|Any CPU.ActiveCfg = Debug|Any CPU
		{424527AD-0D03-4714-BC0E-121703005C63}.Debug|Any CPU.Build.0 = Debug|Any CPU
		{424527AD-0D03-4714-BC0E-121703005C63}.Release|Any CPU.ActiveCfg = Release|Any CPU
		{424527AD-0D03-4714-BC0E-121703005C63}.Release|Any CPU.Build.0 = Release|Any CPU
		{259CC74A-CB93-4157-9DD7-22171637BB63}.Debug|Any CPU.ActiveCfg = Debug|Any CPU
		{259CC74A-CB93-4157-9DD7-22171637BB63}.Debug|Any CPU.Build.0 = Debug|Any CPU
		{259CC74A-CB93-4157-9DD7-22171637BB63}.Release|Any CPU.ActiveCfg = Release|Any CPU
		{259CC74A-CB93-4157-9DD7-22171637BB63}.Release|Any CPU.Build.0 = Release|Any CPU
		{798A2419-DBAE-4E6D-8882-F2B41BA9B390}.Debug|Any CPU.ActiveCfg = Debug|Any CPU
		{798A2419-DBAE-4E6D-8882-F2B41BA9B390}.Debug|Any CPU.Build.0 = Debug|Any CPU
		{798A2419-DBAE-4E6D-8882-F2B41BA9B390}.Release|Any CPU.ActiveCfg = Release|Any CPU
		{798A2419-DBAE-4E6D-8882-F2B41BA9B390}.Release|Any CPU.Build.0 = Release|Any CPU
	EndGlobalSection
	GlobalSection(SolutionProperties) = preSolution
		HideSolutionNode = FALSE
	EndGlobalSection
	GlobalSection(ExtensibilityGlobals) = postSolution
		SolutionGuid = {6627AC3F-9EFA-43A8-B995-B0901B7939CA}
	EndGlobalSection
EndGlobal
